# THIS IS AN AUTOGENERATED FILE. DO NOT EDIT THIS FILE DIRECTLY.
# yarn lockfile v1


dayjs@^1.9.1:
  version "1.9.1"
  resolved "https://registry.npmjs.org/dayjs/-/dayjs-1.9.1.tgz#201a755f7db5103ed6de63ba93a984141c754541"
  integrity sha512-01NCTBg8cuMJG1OQc6PR7T66+AFYiPwgDvdJmvJBn29NGzIG+DIFxPLNjHzwz3cpFIvG+NcwIjP9hSaPVoOaDg==
